
Microsoft Visual Studio Solution File, Format Version 12.00
# Visual Studio 15
Project("{FAE04EC0-301F-11D3-BF4B-00C04F79EFBC}") = "Assembly-CSharp", "Assembly-CSharp.csproj", "{B7DB44A3-B563-B1D2-D14F-E2BEE4C126A9}"
EndProject
Project("{FAE04EC0-301F-11D3-BF4B-00C04F79EFBC}") = "Assembly-CSharp-Editor", "Assembly-CSharp-Editor.csproj", "{DCAE8B24-D33E-C6C4-7DAB-D5EBDFE086FF}"
EndProject
Global
	GlobalSection(SolutionConfigurationPlatforms) = preSolution
		Debug|Any CPU = Debug|Any CPU
		Release|Any CPU = Release|Any CPU
	EndGlobalSection
	GlobalSection(ProjectConfigurationPlatforms) = postSolution
		{B7DB44A3-B563-B1D2-D14F-E2BEE4C126A9}.Debug|Any CPU.ActiveCfg = Debug|Any CPU
		{B7DB44A3-B563-B1D2-D14F-E2BEE4C126A9}.Debug|Any CPU.Build.0 = Debug|Any CPU
		{B7DB44A3-B563-B1D2-D14F-E2BEE4C126A9}.Release|Any CPU.ActiveCfg = Release|Any CPU
		{B7DB44A3-B563-B1D2-D14F-E2BEE4C126A9}.Release|Any CPU.Build.0 = Release|Any CPU
		{DCAE8B24-D33E-C6C4-7DAB-D5EBDFE086FF}.Debug|Any CPU.ActiveCfg = Debug|Any CPU
		{DCAE8B24-D33E-C6C4-7DAB-D5EBDFE086FF}.Debug|Any CPU.Build.0 = Debug|Any CPU
		{DCAE8B24-D33E-C6C4-7DAB-D5EBDFE086FF}.Release|Any CPU.ActiveCfg = Release|Any CPU
		{DCAE8B24-D33E-C6C4-7DAB-D5EBDFE086FF}.Release|Any CPU.Build.0 = Release|Any CPU
	EndGlobalSection
	GlobalSection(SolutionProperties) = preSolution
		HideSolutionNode = FALSE
	EndGlobalSection
EndGlobal
