
Microsoft Visual Studio Solution File, Format Version 12.00
# Visual Studio 15
Project("{FAE04EC0-301F-11D3-BF4B-00C04F79EFBC}") = "Assembly-CSharp", "Assembly-CSharp.csproj", "{00AC4E44-937D-4083-8D13-97CD2F417F29}"
EndProject
Project("{FAE04EC0-301F-11D3-BF4B-00C04F79EFBC}") = "Assembly-CSharp-Editor", "Assembly-CSharp-Editor.csproj", "{05432B01-F02D-2147-491F-6EC7F21F095D}"
EndProject
Global
	GlobalSection(SolutionConfigurationPlatforms) = preSolution
		Debug|Any CPU = Debug|Any CPU
		Release|Any CPU = Release|Any CPU
	EndGlobalSection
	GlobalSection(ProjectConfigurationPlatforms) = postSolution
		{00AC4E44-937D-4083-8D13-97CD2F417F29}.Debug|Any CPU.ActiveCfg = Debug|Any CPU
		{00AC4E44-937D-4083-8D13-97CD2F417F29}.Debug|Any CPU.Build.0 = Debug|Any CPU
		{00AC4E44-937D-4083-8D13-97CD2F417F29}.Release|Any CPU.ActiveCfg = Release|Any CPU
		{00AC4E44-937D-4083-8D13-97CD2F417F29}.Release|Any CPU.Build.0 = Release|Any CPU
		{05432B01-F02D-2147-491F-6EC7F21F095D}.Debug|Any CPU.ActiveCfg = Debug|Any CPU
		{05432B01-F02D-2147-491F-6EC7F21F095D}.Debug|Any CPU.Build.0 = Debug|Any CPU
		{05432B01-F02D-2147-491F-6EC7F21F095D}.Release|Any CPU.ActiveCfg = Release|Any CPU
		{05432B01-F02D-2147-491F-6EC7F21F095D}.Release|Any CPU.Build.0 = Release|Any CPU
	EndGlobalSection
	GlobalSection(SolutionProperties) = preSolution
		HideSolutionNode = FALSE
	EndGlobalSection
EndGlobal
